
Microsoft Visual Studio Solution File, Format Version 12.00
# Visual Studio 14
VisualStudioVersion = 14.0.24720.0
MinimumVisualStudioVersion = 10.0.40219.1
Project("{FAE04EC0-301F-11D3-BF4B-00C04F79EFBC}") = "Vulkan.NET", "Vulkan.NET\Vulkan.NET.csproj", "{45C0E593-66E3-457F-9C50-56B8E8912321}"
EndProject
Project("{FAE04EC0-301F-11D3-BF4B-00C04F79EFBC}") = "Vulkan.NET.BindingGenerator", "Vulkan.NET.BindingGenerator\Vulkan.NET.BindingGenerator.csproj", "{83AA962B-8A1E-4C3B-8C70-A84FF5845FB5}"
EndProject
Global
	GlobalSection(SolutionConfigurationPlatforms) = preSolution
		Debug|Any CPU = Debug|Any CPU
		Debug|x64 = Debug|x64
		Debug|x86 = Debug|x86
		Release|Any CPU = Release|Any CPU
		Release|x64 = Release|x64
		Release|x86 = Release|x86
	EndGlobalSection
	GlobalSection(ProjectConfigurationPlatforms) = postSolution
		{45C0E593-66E3-457F-9C50-56B8E8912321}.Debug|Any CPU.ActiveCfg = Debug|Any CPU
		{45C0E593-66E3-457F-9C50-56B8E8912321}.Debug|Any CPU.Build.0 = Debug|Any CPU
		{45C0E593-66E3-457F-9C50-56B8E8912321}.Debug|x64.ActiveCfg = Debug|Any CPU
		{45C0E593-66E3-457F-9C50-56B8E8912321}.Debug|x64.Build.0 = Debug|Any CPU
		{45C0E593-66E3-457F-9C50-56B8E8912321}.Debug|x86.ActiveCfg = Debug|Any CPU
		{45C0E593-66E3-457F-9C50-56B8E8912321}.Debug|x86.Build.0 = Debug|Any CPU
		{45C0E593-66E3-457F-9C50-56B8E8912321}.Release|Any CPU.ActiveCfg = Release|Any CPU
		{45C0E593-66E3-457F-9C50-56B8E8912321}.Release|Any CPU.Build.0 = Release|Any CPU
		{45C0E593-66E3-457F-9C50-56B8E8912321}.Release|x64.ActiveCfg = Release|Any CPU
		{45C0E593-66E3-457F-9C50-56B8E8912321}.Release|x64.Build.0 = Release|Any CPU
		{45C0E593-66E3-457F-9C50-56B8E8912321}.Release|x86.ActiveCfg = Release|Any CPU
		{45C0E593-66E3-457F-9C50-56B8E8912321}.Release|x86.Build.0 = Release|Any CPU
		{83AA962B-8A1E-4C3B-8C70-A84FF5845FB5}.Debug|Any CPU.ActiveCfg = Debug|Any CPU
		{83AA962B-8A1E-4C3B-8C70-A84FF5845FB5}.Debug|Any CPU.Build.0 = Debug|Any CPU
		{83AA962B-8A1E-4C3B-8C70-A84FF5845FB5}.Debug|x64.ActiveCfg = Debug|Any CPU
		{83AA962B-8A1E-4C3B-8C70-A84FF5845FB5}.Debug|x64.Build.0 = Debug|Any CPU
		{83AA962B-8A1E-4C3B-8C70-A84FF5845FB5}.Debug|x86.ActiveCfg = Debug|Any CPU
		{83AA962B-8A1E-4C3B-8C70-A84FF5845FB5}.Debug|x86.Build.0 = Debug|Any CPU
		{83AA962B-8A1E-4C3B-8C70-A84FF5845FB5}.Release|Any CPU.ActiveCfg = Release|Any CPU
		{83AA962B-8A1E-4C3B-8C70-A84FF5845FB5}.Release|Any CPU.Build.0 = Release|Any CPU
		{83AA962B-8A1E-4C3B-8C70-A84FF5845FB5}.Release|x64.ActiveCfg = Release|Any CPU
		{83AA962B-8A1E-4C3B-8C70-A84FF5845FB5}.Release|x64.Build.0 = Release|Any CPU
		{83AA962B-8A1E-4C3B-8C70-A84FF5845FB5}.Release|x86.ActiveCfg = Release|Any CPU
		{83AA962B-8A1E-4C3B-8C70-A84FF5845FB5}.Release|x86.Build.0 = Release|Any CPU
	EndGlobalSection
	GlobalSection(SolutionProperties) = preSolution
		HideSolutionNode = FALSE
	EndGlobalSection
EndGlobal
